
Microsoft Visual Studio Solution File, Format Version 12.00
# Visual Studio Version 16
VisualStudioVersion = 16.0.30011.22
MinimumVisualStudioVersion = 10.0.40219.1
Project("{FAE04EC0-301F-11D3-BF4B-00C04F79EFBC}") = "Djurparken.3", "Djurparken.3\Djurparken.3.csproj", "{8653E1B8-22AC-48E3-89C4-BEFECB3D27C9}"
EndProject
Global
	GlobalSection(SolutionConfigurationPlatforms) = preSolution
		Debug|Any CPU = Debug|Any CPU
		Release|Any CPU = Release|Any CPU
	EndGlobalSection
	GlobalSection(ProjectConfigurationPlatforms) = postSolution
		{8653E1B8-22AC-48E3-89C4-BEFECB3D27C9}.Debug|Any CPU.ActiveCfg = Debug|Any CPU
		{8653E1B8-22AC-48E3-89C4-BEFECB3D27C9}.Debug|Any CPU.Build.0 = Debug|Any CPU
		{8653E1B8-22AC-48E3-89C4-BEFECB3D27C9}.Release|Any CPU.ActiveCfg = Release|Any CPU
		{8653E1B8-22AC-48E3-89C4-BEFECB3D27C9}.Release|Any CPU.Build.0 = Release|Any CPU
	EndGlobalSection
	GlobalSection(SolutionProperties) = preSolution
		HideSolutionNode = FALSE
	EndGlobalSection
	GlobalSection(ExtensibilityGlobals) = postSolution
		SolutionGuid = {DB5CDAEB-782D-43CE-A71A-B51CFC4CCB7E}
	EndGlobalSection
EndGlobal
